
Microsoft Visual Studio Solution File, Format Version 12.00
# Visual Studio Version 17
VisualStudioVersion = 17.1.32210.238
MinimumVisualStudioVersion = 10.0.40219.1
Project("{FAE04EC0-301F-11D3-BF4B-00C04F79EFBC}") = "DateTimeConvertTest", "DateTimeRepro\DateTimeConvertTest.csproj", "{09EE9D91-A00F-4DF0-B04E-AC46E9B5FDC7}"
EndProject
Global
	GlobalSection(SolutionConfigurationPlatforms) = preSolution
		Debug|Any CPU = Debug|Any CPU
		Release|Any CPU = Release|Any CPU
	EndGlobalSection
	GlobalSection(ProjectConfigurationPlatforms) = postSolution
		{09EE9D91-A00F-4DF0-B04E-AC46E9B5FDC7}.Debug|Any CPU.ActiveCfg = Debug|Any CPU
		{09EE9D91-A00F-4DF0-B04E-AC46E9B5FDC7}.Debug|Any CPU.Build.0 = Debug|Any CPU
		{09EE9D91-A00F-4DF0-B04E-AC46E9B5FDC7}.Release|Any CPU.ActiveCfg = Release|Any CPU
		{09EE9D91-A00F-4DF0-B04E-AC46E9B5FDC7}.Release|Any CPU.Build.0 = Release|Any CPU
	EndGlobalSection
	GlobalSection(SolutionProperties) = preSolution
		HideSolutionNode = FALSE
	EndGlobalSection
	GlobalSection(ExtensibilityGlobals) = postSolution
		SolutionGuid = {069AF882-C2C2-4DE6-AB08-9C097ABBDC15}
	EndGlobalSection
EndGlobal
